{
  "lockfileVersion": 1,
  "workspaces": {
    "": {
      "name": "curseborne",
      "devDependencies": {
        "@biomejs/biome": "^1.9.4",
        "@types/bun": "^1.2.2",
        "browserslist": "^4.24.4",
        "lefthook": "^1.10.10",
        "lightningcss": "^1.29.1",
        "lightningcss-cli": "^1.29.1",
        "typescript": "^5.7.3",
        "yargs": "^17.7.2",
      },
    },
  },
  "packages": {
    "@biomejs/biome": ["@biomejs/biome@1.9.4", "", { "optionalDependencies": { "@biomejs/cli-darwin-arm64": "1.9.4", "@biomejs/cli-darwin-x64": "1.9.4", "@biomejs/cli-linux-arm64": "1.9.4", "@biomejs/cli-linux-arm64-musl": "1.9.4", "@biomejs/cli-linux-x64": "1.9.4", "@biomejs/cli-linux-x64-musl": "1.9.4", "@biomejs/cli-win32-arm64": "1.9.4", "@biomejs/cli-win32-x64": "1.9.4" }, "bin": { "biome": "bin/biome" } }, "sha512-1rkd7G70+o9KkTn5KLmDYXihGoTaIGO9PIIN2ZB7UJxFrWw04CZHPYiMRjYsaDvVV7hP1dYNRLxSANLaBFGpog=="],

    "@biomejs/cli-darwin-arm64": ["@biomejs/cli-darwin-arm64@1.9.4", "", { "os": "darwin", "cpu": "arm64" }, "sha512-bFBsPWrNvkdKrNCYeAp+xo2HecOGPAy9WyNyB/jKnnedgzl4W4Hb9ZMzYNbf8dMCGmUdSavlYHiR01QaYR58cw=="],

    "@biomejs/cli-darwin-x64": ["@biomejs/cli-darwin-x64@1.9.4", "", { "os": "darwin", "cpu": "x64" }, "sha512-ngYBh/+bEedqkSevPVhLP4QfVPCpb+4BBe2p7Xs32dBgs7rh9nY2AIYUL6BgLw1JVXV8GlpKmb/hNiuIxfPfZg=="],

    "@biomejs/cli-linux-arm64": ["@biomejs/cli-linux-arm64@1.9.4", "", { "os": "linux", "cpu": "arm64" }, "sha512-fJIW0+LYujdjUgJJuwesP4EjIBl/N/TcOX3IvIHJQNsAqvV2CHIogsmA94BPG6jZATS4Hi+xv4SkBBQSt1N4/g=="],

    "@biomejs/cli-linux-arm64-musl": ["@biomejs/cli-linux-arm64-musl@1.9.4", "", { "os": "linux", "cpu": "arm64" }, "sha512-v665Ct9WCRjGa8+kTr0CzApU0+XXtRgwmzIf1SeKSGAv+2scAlW6JR5PMFo6FzqqZ64Po79cKODKf3/AAmECqA=="],

    "@biomejs/cli-linux-x64": ["@biomejs/cli-linux-x64@1.9.4", "", { "os": "linux", "cpu": "x64" }, "sha512-lRCJv/Vi3Vlwmbd6K+oQ0KhLHMAysN8lXoCI7XeHlxaajk06u7G+UsFSO01NAs5iYuWKmVZjmiOzJ0OJmGsMwg=="],

    "@biomejs/cli-linux-x64-musl": ["@biomejs/cli-linux-x64-musl@1.9.4", "", { "os": "linux", "cpu": "x64" }, "sha512-gEhi/jSBhZ2m6wjV530Yy8+fNqG8PAinM3oV7CyO+6c3CEh16Eizm21uHVsyVBEB6RIM8JHIl6AGYCv6Q6Q9Tg=="],

    "@biomejs/cli-win32-arm64": ["@biomejs/cli-win32-arm64@1.9.4", "", { "os": "win32", "cpu": "arm64" }, "sha512-tlbhLk+WXZmgwoIKwHIHEBZUwxml7bRJgk0X2sPyNR3S93cdRq6XulAZRQJ17FYGGzWne0fgrXBKpl7l4M87Hg=="],

    "@biomejs/cli-win32-x64": ["@biomejs/cli-win32-x64@1.9.4", "", { "os": "win32", "cpu": "x64" }, "sha512-8Y5wMhVIPaWe6jw2H+KlEm4wP/f7EW3810ZLmDlrEEy5KvBsb9ECEfu/kMWD484ijfQ8+nIi0giMgu9g1UAuuA=="],

    "@types/bun": ["@types/bun@1.2.5", "", { "dependencies": { "bun-types": "1.2.5" } }, "sha512-w2OZTzrZTVtbnJew1pdFmgV99H0/L+Pvw+z1P67HaR18MHOzYnTYOi6qzErhK8HyT+DB782ADVPPE92Xu2/Opg=="],

    "@types/node": ["@types/node@22.13.4", "", { "dependencies": { "undici-types": "~6.20.0" } }, "sha512-ywP2X0DYtX3y08eFVx5fNIw7/uIv8hYUKgXoK8oayJlLnKcRfEYCxWMVE1XagUdVtCJlZT1AU4LXEABW+L1Peg=="],

    "@types/ws": ["@types/ws@8.5.14", "", { "dependencies": { "@types/node": "*" } }, "sha512-bd/YFLW+URhBzMXurx7lWByOu+xzU9+kb3RboOteXYDfW+tr+JZa99OyNmPINEGB/ahzKrEuc8rcv4gnpJmxTw=="],

    "ansi-regex": ["ansi-regex@5.0.1", "", {}, "sha512-quJQXlTSUGL2LH9SUXo8VwsY4soanhgo6LNSm84E1LBcE8s3O0wpdiRzyR9z/ZZJMlMWv37qOOb9pdJlMUEKFQ=="],

    "ansi-styles": ["ansi-styles@4.3.0", "", { "dependencies": { "color-convert": "^2.0.1" } }, "sha512-zbB9rCJAT1rbjiVDb2hqKFHNYLxgtk8NURxZ3IZwD3F6NtxbXZQCnnSi1Lkx+IDohdPlFp222wVALIheZJQSEg=="],

    "browserslist": ["browserslist@4.24.4", "", { "dependencies": { "caniuse-lite": "^1.0.30001688", "electron-to-chromium": "^1.5.73", "node-releases": "^2.0.19", "update-browserslist-db": "^1.1.1" }, "bin": { "browserslist": "cli.js" } }, "sha512-KDi1Ny1gSePi1vm0q4oxSF8b4DR44GF4BbmS2YdhPLOEqd8pDviZOGH/GsmRwoWJ2+5Lr085X7naowMwKHDG1A=="],

    "bun-types": ["bun-types@1.2.5", "", { "dependencies": { "@types/node": "*", "@types/ws": "~8.5.10" } }, "sha512-3oO6LVGGRRKI4kHINx5PIdIgnLRb7l/SprhzqXapmoYkFl5m4j6EvALvbDVuuBFaamB46Ap6HCUxIXNLCGy+tg=="],

    "caniuse-lite": ["caniuse-lite@1.0.30001700", "", {}, "sha512-2S6XIXwaE7K7erT8dY+kLQcpa5ms63XlRkMkReXjle+kf6c5g38vyMl+Z5y8dSxOFDhcFe+nxnn261PLxBSQsQ=="],

    "cliui": ["cliui@8.0.1", "", { "dependencies": { "string-width": "^4.2.0", "strip-ansi": "^6.0.1", "wrap-ansi": "^7.0.0" } }, "sha512-BSeNnyus75C4//NQ9gQt1/csTXyo/8Sb+afLAkzAptFuMsod9HFokGNudZpi/oQV73hnVK+sR+5PVRMd+Dr7YQ=="],

    "color-convert": ["color-convert@2.0.1", "", { "dependencies": { "color-name": "~1.1.4" } }, "sha512-RRECPsj7iu/xb5oKYcsFHSppFNnsj/52OVTRKb4zP5onXwVF3zVmmToNcOfGC+CRDpfK/U584fMg38ZHCaElKQ=="],

    "color-name": ["color-name@1.1.4", "", {}, "sha512-dOy+3AuW3a2wNbZHIuMZpTcgjGuLU/uBL/ubcZF9OXbDo8ff4O8yVp5Bf0efS8uEoYo5q4Fx7dY9OgQGXgAsQA=="],

    "detect-libc": ["detect-libc@2.0.3", "", {}, "sha512-bwy0MGW55bG41VqxxypOsdSdGqLwXPI/focwgTYCFMbdUiBAxLg9CFzG08sz2aqzknwiX7Hkl0bQENjg8iLByw=="],

    "electron-to-chromium": ["electron-to-chromium@1.5.102", "", {}, "sha512-eHhqaja8tE/FNpIiBrvBjFV/SSKpyWHLvxuR9dPTdo+3V9ppdLmFB7ZZQ98qNovcngPLYIz0oOBF9P0FfZef5Q=="],

    "emoji-regex": ["emoji-regex@8.0.0", "", {}, "sha512-MSjYzcWNOA0ewAHpz0MxpYFvwg6yjy1NG3xteoqz644VCo/RPgnr1/GGt+ic3iJTzQ8Eu3TdM14SawnVUmGE6A=="],

    "escalade": ["escalade@3.2.0", "", {}, "sha512-WUj2qlxaQtO4g6Pq5c29GTcWGDyd8itL8zTlipgECz3JesAiiOKotd8JU6otB3PACgG6xkJUyVhboMS+bje/jA=="],

    "get-caller-file": ["get-caller-file@2.0.5", "", {}, "sha512-DyFP3BM/3YHTQOCUL/w0OZHR0lpKeGrxotcHWcqNEdnltqFwXVfhEBQ94eIo34AfQpo0rGki4cyIiftY06h2Fg=="],

    "is-fullwidth-code-point": ["is-fullwidth-code-point@3.0.0", "", {}, "sha512-zymm5+u+sCsSWyD9qNaejV3DFvhCKclKdizYaJUuHA83RLjb7nSuGnddCHGv0hk+KY7BMAlsWeK4Ueg6EV6XQg=="],

    "lefthook": ["lefthook@1.11.3", "", { "optionalDependencies": { "lefthook-darwin-arm64": "1.11.3", "lefthook-darwin-x64": "1.11.3", "lefthook-freebsd-arm64": "1.11.3", "lefthook-freebsd-x64": "1.11.3", "lefthook-linux-arm64": "1.11.3", "lefthook-linux-x64": "1.11.3", "lefthook-openbsd-arm64": "1.11.3", "lefthook-openbsd-x64": "1.11.3", "lefthook-windows-arm64": "1.11.3", "lefthook-windows-x64": "1.11.3" }, "bin": { "lefthook": "bin/index.js" } }, "sha512-HJp37y62j3j8qzAOODWuUJl4ysLwsDvCTBV6odr3jIRHR/a5e+tI14VQGIBcpK9ysqC3pGWyW5Rp9Jv1YDubyw=="],

    "lefthook-darwin-arm64": ["lefthook-darwin-arm64@1.11.3", "", { "os": "darwin", "cpu": "arm64" }, "sha512-IYzAOf8Qwqk7q+LoRyy7kSk9vzpUZ5wb/vLzEAH/F86Vay9AUaWe1f2pzeLwFg18qEc1QNklT69h9p/uLQMojA=="],

    "lefthook-darwin-x64": ["lefthook-darwin-x64@1.11.3", "", { "os": "darwin", "cpu": "x64" }, "sha512-z/Wp7UMjE1Vyl+x9sjN3NvN6qKdwgHl+cDf98MKKDg/WyPE5XnzqLm9rLLJgImjyClfH7ptTfZxEyhTG3M3XvQ=="],

    "lefthook-freebsd-arm64": ["lefthook-freebsd-arm64@1.11.3", "", { "os": "freebsd", "cpu": "arm64" }, "sha512-QevwQ7lrv5wBCkk7LLTzT5KR3Bk/5nttSxT1UH2o0EsgirS/c2K5xSgQmV6m3CiZYuCe2Pja4BSIwN3zt17SMw=="],

    "lefthook-freebsd-x64": ["lefthook-freebsd-x64@1.11.3", "", { "os": "freebsd", "cpu": "x64" }, "sha512-PYbcyNgdJJ4J2pEO9Ss4oYo5yq4vmQGTKm3RTYbRx4viSWR65hvKCP0C4LnIqspMvmR05SJi2bqe7UBP2t60EA=="],

    "lefthook-linux-arm64": ["lefthook-linux-arm64@1.11.3", "", { "os": "linux", "cpu": "arm64" }, "sha512-0pBMBAoafOAEg345eOPozsmRjWR0zCr6k+m5ZxwRBZbZx1bQFDqBakQ3TpFCphhcykmgFyaa1KeZJZUOrEsezA=="],

    "lefthook-linux-x64": ["lefthook-linux-x64@1.11.3", "", { "os": "linux", "cpu": "x64" }, "sha512-eiezheZ/bisBCMB2Ur0mctug/RDFyu39B5wzoE8y4z0W1yw6jHGrWMJ4Y8+5qKZ7fmdZg+7YPuMHZ2eFxOnhQA=="],

    "lefthook-openbsd-arm64": ["lefthook-openbsd-arm64@1.11.3", "", { "os": "openbsd", "cpu": "arm64" }, "sha512-DRLTzXdtCj/TizpLcGSqXcnrqvgxeXgn/6nqzclIGqNdKCsNXDzpI0D3sP13Vwwmyoqv2etoTak2IHqZiXZDqg=="],

    "lefthook-openbsd-x64": ["lefthook-openbsd-x64@1.11.3", "", { "os": "openbsd", "cpu": "x64" }, "sha512-l7om+ZjWpYrVZyDuElwnucZhEqa7YfwlRaKBenkBxEh2zMje8O6Zodeuma1KmyDbSFvnvEjARo/Ejiot4gLXEw=="],

    "lefthook-windows-arm64": ["lefthook-windows-arm64@1.11.3", "", { "os": "win32", "cpu": "arm64" }, "sha512-X0iTrql2gfPAkU2dzRwuHWgW5RcqCPbzJtKQ41X6Y/F7iQacRknmuYUGyC81funSvzGAsvlusMVLUvaFjIKnbA=="],

    "lefthook-windows-x64": ["lefthook-windows-x64@1.11.3", "", { "os": "win32", "cpu": "x64" }, "sha512-F+ORMn6YJXoS0EXU5LtN1FgV4QX9rC9LucZEkRmK6sKmS7hcb9IHpyb7siRGytArYzJvXVjPbxPBNSBdN4egZQ=="],

    "lightningcss": ["lightningcss@1.29.2", "", { "dependencies": { "detect-libc": "^2.0.3" }, "optionalDependencies": { "lightningcss-darwin-arm64": "1.29.2", "lightningcss-darwin-x64": "1.29.2", "lightningcss-freebsd-x64": "1.29.2", "lightningcss-linux-arm-gnueabihf": "1.29.2", "lightningcss-linux-arm64-gnu": "1.29.2", "lightningcss-linux-arm64-musl": "1.29.2", "lightningcss-linux-x64-gnu": "1.29.2", "lightningcss-linux-x64-musl": "1.29.2", "lightningcss-win32-arm64-msvc": "1.29.2", "lightningcss-win32-x64-msvc": "1.29.2" } }, "sha512-6b6gd/RUXKaw5keVdSEtqFVdzWnU5jMxTUjA2bVcMNPLwSQ08Sv/UodBVtETLCn7k4S1Ibxwh7k68IwLZPgKaA=="],

    "lightningcss-cli": ["lightningcss-cli@1.29.2", "", { "dependencies": { "detect-libc": "^2.0.3" }, "optionalDependencies": { "lightningcss-cli-darwin-arm64": "1.29.2", "lightningcss-cli-darwin-x64": "1.29.2", "lightningcss-cli-freebsd-x64": "1.29.2", "lightningcss-cli-linux-arm-gnueabihf": "1.29.2", "lightningcss-cli-linux-arm64-gnu": "1.29.2", "lightningcss-cli-linux-arm64-musl": "1.29.2", "lightningcss-cli-linux-x64-gnu": "1.29.2", "lightningcss-cli-linux-x64-musl": "1.29.2", "lightningcss-cli-win32-arm64-msvc": "1.29.2", "lightningcss-cli-win32-x64-msvc": "1.29.2" }, "bin": { "lightningcss": "lightningcss" } }, "sha512-EJx30MyCUb05ZqF4WM7KDnakB6bkznj1Dxm3W9aOhIRXuuZ4kP4wE9JPb7l6YOyj3QDDbo/30nK+8D+yuqmCmg=="],

    "lightningcss-cli-darwin-arm64": ["lightningcss-cli-darwin-arm64@1.29.2", "", { "os": "darwin", "cpu": "arm64" }, "sha512-qQOrwUlIDV9s/AJlYaE3AJTo1COlo3zZcgY3wTQfrMko2TEaS7v9QQsyFObN2DXw7Qtr2eXQW/PBpJa5BZ4Vxw=="],

    "lightningcss-cli-darwin-x64": ["lightningcss-cli-darwin-x64@1.29.2", "", { "os": "darwin", "cpu": "x64" }, "sha512-efhgtf5V3B9g48mcLd4Q69De4ENJpGIJLbH6kpVe47Vzy5el43eiDGy+1qAsYq2fG8domZTHDg+mKfZ5DgsI9g=="],

    "lightningcss-cli-freebsd-x64": ["lightningcss-cli-freebsd-x64@1.29.2", "", { "os": "freebsd", "cpu": "x64" }, "sha512-37TOWA6Kvjha/XC0aoGGs49am8E56UD1u7JktmprUjOV+L9C9J5YVStqtKmXpScbv9IYH5n0uGDDjkiEa2JSog=="],

    "lightningcss-cli-linux-arm-gnueabihf": ["lightningcss-cli-linux-arm-gnueabihf@1.29.2", "", { "os": "linux", "cpu": "arm" }, "sha512-YeZ6livXcpPxba7Rb/CSoSKrt/r9VfyPKLRv7Mj2RAR1zHTKXS+Ftz4sqfaVomo6RWnTxH+2VoiBqVBlR93Vqg=="],

    "lightningcss-cli-linux-arm64-gnu": ["lightningcss-cli-linux-arm64-gnu@1.29.2", "", { "os": "linux", "cpu": "arm64" }, "sha512-yFd1KlpLEdzYmP/sfGff0DLFq9VMMcdZqXB2FDKX1ZkRFJrUz8ZFKN+a8oa38gucUccVOQ4G8CqaDV7eeZiC3A=="],

    "lightningcss-cli-linux-arm64-musl": ["lightningcss-cli-linux-arm64-musl@1.29.2", "", { "os": "linux", "cpu": "arm64" }, "sha512-MZoIjhJnPt8g11mTML97eS4Fz7gY3JKEbJYEi3HY3RYReHKKdW5QZi1o+/AyWp4Xt/Rvk8A7YZ3aQI3qY3Qmpw=="],

    "lightningcss-cli-linux-x64-gnu": ["lightningcss-cli-linux-x64-gnu@1.29.2", "", { "os": "linux", "cpu": "x64" }, "sha512-BEjYIY5HkqqK5avFd98xjGDFRdUFD2p+IxKub/DIqEVenBFigq2Q+HkjghfHz3jmbhLC4c2awYO/USCU3AuDqg=="],

    "lightningcss-cli-linux-x64-musl": ["lightningcss-cli-linux-x64-musl@1.29.2", "", { "os": "linux", "cpu": "x64" }, "sha512-yFHJkJFBEktNdZnYWjEOAa5jB4la+NbVJvz5mj4zlqybNdNMgpYOFljgPzAbnqhFfzoYZFnogOv8lZI9iBp7sA=="],

    "lightningcss-cli-win32-arm64-msvc": ["lightningcss-cli-win32-arm64-msvc@1.29.2", "", { "os": "win32", "cpu": "arm64" }, "sha512-3v2T438nhoo5QqQXNiw4q1D9CSFI0QZRTs47NT8U6T+ZnSYz2eH/lKy+u6QiGN1WTPIcuQxw2/y1Mcp1PbCaPA=="],

    "lightningcss-cli-win32-x64-msvc": ["lightningcss-cli-win32-x64-msvc@1.29.2", "", { "os": "win32", "cpu": "x64" }, "sha512-sJUVQ9vUf+anBeF22iPy8t03/kd0aE7yn9NDzFBvFQzYQQeAp2OS1cASlqnN015QKRMkqgjC2TvqPvvShEF8TQ=="],

    "lightningcss-darwin-arm64": ["lightningcss-darwin-arm64@1.29.2", "", { "os": "darwin", "cpu": "arm64" }, "sha512-cK/eMabSViKn/PG8U/a7aCorpeKLMlK0bQeNHmdb7qUnBkNPnL+oV5DjJUo0kqWsJUapZsM4jCfYItbqBDvlcA=="],

    "lightningcss-darwin-x64": ["lightningcss-darwin-x64@1.29.2", "", { "os": "darwin", "cpu": "x64" }, "sha512-j5qYxamyQw4kDXX5hnnCKMf3mLlHvG44f24Qyi2965/Ycz829MYqjrVg2H8BidybHBp9kom4D7DR5VqCKDXS0w=="],

    "lightningcss-freebsd-x64": ["lightningcss-freebsd-x64@1.29.2", "", { "os": "freebsd", "cpu": "x64" }, "sha512-wDk7M2tM78Ii8ek9YjnY8MjV5f5JN2qNVO+/0BAGZRvXKtQrBC4/cn4ssQIpKIPP44YXw6gFdpUF+Ps+RGsCwg=="],

    "lightningcss-linux-arm-gnueabihf": ["lightningcss-linux-arm-gnueabihf@1.29.2", "", { "os": "linux", "cpu": "arm" }, "sha512-IRUrOrAF2Z+KExdExe3Rz7NSTuuJ2HvCGlMKoquK5pjvo2JY4Rybr+NrKnq0U0hZnx5AnGsuFHjGnNT14w26sg=="],

    "lightningcss-linux-arm64-gnu": ["lightningcss-linux-arm64-gnu@1.29.2", "", { "os": "linux", "cpu": "arm64" }, "sha512-KKCpOlmhdjvUTX/mBuaKemp0oeDIBBLFiU5Fnqxh1/DZ4JPZi4evEH7TKoSBFOSOV3J7iEmmBaw/8dpiUvRKlQ=="],

    "lightningcss-linux-arm64-musl": ["lightningcss-linux-arm64-musl@1.29.2", "", { "os": "linux", "cpu": "arm64" }, "sha512-Q64eM1bPlOOUgxFmoPUefqzY1yV3ctFPE6d/Vt7WzLW4rKTv7MyYNky+FWxRpLkNASTnKQUaiMJ87zNODIrrKQ=="],

    "lightningcss-linux-x64-gnu": ["lightningcss-linux-x64-gnu@1.29.2", "", { "os": "linux", "cpu": "x64" }, "sha512-0v6idDCPG6epLXtBH/RPkHvYx74CVziHo6TMYga8O2EiQApnUPZsbR9nFNrg2cgBzk1AYqEd95TlrsL7nYABQg=="],

    "lightningcss-linux-x64-musl": ["lightningcss-linux-x64-musl@1.29.2", "", { "os": "linux", "cpu": "x64" }, "sha512-rMpz2yawkgGT8RULc5S4WiZopVMOFWjiItBT7aSfDX4NQav6M44rhn5hjtkKzB+wMTRlLLqxkeYEtQ3dd9696w=="],

    "lightningcss-win32-arm64-msvc": ["lightningcss-win32-arm64-msvc@1.29.2", "", { "os": "win32", "cpu": "arm64" }, "sha512-nL7zRW6evGQqYVu/bKGK+zShyz8OVzsCotFgc7judbt6wnB2KbiKKJwBE4SGoDBQ1O94RjW4asrCjQL4i8Fhbw=="],

    "lightningcss-win32-x64-msvc": ["lightningcss-win32-x64-msvc@1.29.2", "", { "os": "win32", "cpu": "x64" }, "sha512-EdIUW3B2vLuHmv7urfzMI/h2fmlnOQBk1xlsDxkN1tCWKjNFjfLhGxYk8C8mzpSfr+A6jFFIi8fU6LbQGsRWjA=="],

    "node-releases": ["node-releases@2.0.19", "", {}, "sha512-xxOWJsBKtzAq7DY0J+DTzuz58K8e7sJbdgwkbMWQe8UYB6ekmsQ45q0M/tJDsGaZmbC+l7n57UV8Hl5tHxO9uw=="],

    "picocolors": ["picocolors@1.1.1", "", {}, "sha512-xceH2snhtb5M9liqDsmEw56le376mTZkEX/jEb/RxNFyegNul7eNslCXP9FDj/Lcu0X8KEyMceP2ntpaHrDEVA=="],

    "require-directory": ["require-directory@2.1.1", "", {}, "sha512-fGxEI7+wsG9xrvdjsrlmL22OMTTiHRwAMroiEeMgq8gzoLC/PQr7RsRDSTLUg/bZAZtF+TVIkHc6/4RIKrui+Q=="],

    "string-width": ["string-width@4.2.3", "", { "dependencies": { "emoji-regex": "^8.0.0", "is-fullwidth-code-point": "^3.0.0", "strip-ansi": "^6.0.1" } }, "sha512-wKyQRQpjJ0sIp62ErSZdGsjMJWsap5oRNihHhu6G7JVO/9jIB6UyevL+tXuOqrng8j/cxKTWyWUwvSTriiZz/g=="],

    "strip-ansi": ["strip-ansi@6.0.1", "", { "dependencies": { "ansi-regex": "^5.0.1" } }, "sha512-Y38VPSHcqkFrCpFnQ9vuSXmquuv5oXOKpGeT6aGrr3o3Gc9AlVa6JBfUSOCnbxGGZF+/0ooI7KrPuUSztUdU5A=="],

    "typescript": ["typescript@5.8.2", "", { "bin": { "tsc": "bin/tsc", "tsserver": "bin/tsserver" } }, "sha512-aJn6wq13/afZp/jT9QZmwEjDqqvSGp1VT5GVg+f/t6/oVyrgXM6BY1h9BRh/O5p3PlUPAe+WuiEZOmb/49RqoQ=="],

    "undici-types": ["undici-types@6.20.0", "", {}, "sha512-Ny6QZ2Nju20vw1SRHe3d9jVu6gJ+4e3+MMpqu7pqE5HT6WsTSlce++GQmK5UXS8mzV8DSYHrQH+Xrf2jVcuKNg=="],

    "update-browserslist-db": ["update-browserslist-db@1.1.2", "", { "dependencies": { "escalade": "^3.2.0", "picocolors": "^1.1.1" }, "peerDependencies": { "browserslist": ">= 4.21.0" }, "bin": { "update-browserslist-db": "cli.js" } }, "sha512-PPypAm5qvlD7XMZC3BujecnaOxwhrtoFR+Dqkk5Aa/6DssiH0ibKoketaj9w8LP7Bont1rYeoV5plxD7RTEPRg=="],

    "wrap-ansi": ["wrap-ansi@7.0.0", "", { "dependencies": { "ansi-styles": "^4.0.0", "string-width": "^4.1.0", "strip-ansi": "^6.0.0" } }, "sha512-YVGIj2kamLSTxw6NsZjoBxfSwsn0ycdesmc4p+Q21c5zPuZ1pl+NfxVdxPtdHvmNVOQ6XSYG4AUtyt/Fi7D16Q=="],

    "y18n": ["y18n@5.0.8", "", {}, "sha512-0pfFzegeDWJHJIAmTLRP2DwHjdF5s7jo9tuztdQxAhINCdvS+3nGINqPd00AphqJR/0LhANUS6/+7SCb98YOfA=="],

    "yargs": ["yargs@17.7.2", "", { "dependencies": { "cliui": "^8.0.1", "escalade": "^3.1.1", "get-caller-file": "^2.0.5", "require-directory": "^2.1.1", "string-width": "^4.2.3", "y18n": "^5.0.5", "yargs-parser": "^21.1.1" } }, "sha512-7dSzzRQ++CKnNI/krKnYRV7JKKPUXMEh61soaHKg9mrWEhzFWhFnxPxGl+69cD1Ou63C13NUPCnmIcrvqCuM6w=="],

    "yargs-parser": ["yargs-parser@21.1.1", "", {}, "sha512-tVpsJW7DdjecAiFpbIB1e3qxIQsE6NoPc5/eTdrbbIC4h0LVsWhnoa3g+m2HclBIujHzsxZ4VJVA+GUuc2/LBw=="],
  }
}
